<?xml version="1.0" encoding="utf-8"?>
<Project ToolsVersion="4.0" xmlns="http://schemas.microsoft.com/developer/msbuild/2003">
  <ItemGroup>
    <Filter Include="Source Files">
      <UniqueIdentifier>{4FC737F1-C7A5-4376-A066-2A32D752A2FF}</UniqueIdentifier>
      <Extensions>cpp;c;cc;cxx;c++;cppm;ixx;def;odl;idl;hpj;bat;asm;asmx</Extensions>
    </Filter>
    <Filter Include="Header Files">
      <UniqueIdentifier>{93995380-89BD-4b04-88EB-625FBE52EBFB}</UniqueIdentifier>
      <Extensions>h;hh;hpp;hxx;h++;hm;inl;inc;ipp;xsd</Extensions>
    </Filter>
    <Filter Include="Resource Files">
      <UniqueIdentifier>{67DA6AB6-F800-4c08-8B7A-83BB121AAD01}</UniqueIdentifier>
      <Extensions>rc;ico;cur;bmp;dlg;rc2;rct;bin;rgs;gif;jpg;jpeg;jpe;resx;tiff;tif;png;wav;mfcribbon-ms</Extensions>
    </Filter>
    <Filter Include="Header Files\0 Static">
      <UniqueIdentifier>{d0fb22d8-76b9-4acb-b33b-a09ec44a3c4a}</UniqueIdentifier>
    </Filter>
    <Filter Include="Header Files\9 Misc">
      <UniqueIdentifier>{1e5f7b87-c405-4143-b5d2-466545c7b315}</UniqueIdentifier>
    </Filter>
    <Filter Include="Source Files\0 Static">
      <UniqueIdentifier>{cdd7309f-a903-4867-9869-8a3c37428765}</UniqueIdentifier>
    </Filter>
    <Filter Include="Source Files\9 Misc">
      <UniqueIdentifier>{3598e73c-70b3-4fb7-b885-e6c8d3512634}</UniqueIdentifier>
    </Filter>
    <Filter Include="Header Files\1 Managers">
      <UniqueIdentifier>{3a4133b9-e149-4399-886e-bf55b32c20c7}</UniqueIdentifier>
    </Filter>
    <Filter Include="Source Files\1 Managers">
      <UniqueIdentifier>{9aa7024a-18f4-4d4c-94ed-20e0158f86cf}</UniqueIdentifier>
    </Filter>
    <Filter Include="Header Files\2 GUI Elements">
      <UniqueIdentifier>{780c7a3a-d23f-49d7-8ce2-299dcfaa8802}</UniqueIdentifier>
    </Filter>
    <Filter Include="Source Files\2 GUI Elements">
      <UniqueIdentifier>{b8fe96ae-5561-41d6-8718-84cb37926614}</UniqueIdentifier>
    </Filter>
  </ItemGroup>
  <ItemGroup>
    <ClCompile Include="main.cpp">
      <Filter>Source Files</Filter>
    </ClCompile>
    <ClCompile Include="SimplexNoise.cpp">
      <Filter>Source Files\9 Misc</Filter>
    </ClCompile>
    <ClCompile Include="Game.cpp">
      <Filter>Source Files\0 Static</Filter>
    </ClCompile>
    <ClCompile Include="GraphicsManager.cpp">
      <Filter>Source Files\1 Managers</Filter>
    </ClCompile>
    <ClCompile Include="LoggingManager.cpp">
      <Filter>Source Files\1 Managers</Filter>
    </ClCompile>
    <ClCompile Include="Window.cpp">
      <Filter>Source Files\9 Misc</Filter>
    </ClCompile>
    <ClCompile Include="EventsManager.cpp">
      <Filter>Source Files\1 Managers</Filter>
    </ClCompile>
    <ClCompile Include="TimeManager.cpp">
      <Filter>Source Files\1 Managers</Filter>
    </ClCompile>
    <ClCompile Include="ResourceManager.cpp">
      <Filter>Source Files\1 Managers</Filter>
    </ClCompile>
    <ClCompile Include="FileFunctions.cpp">
      <Filter>Source Files\9 Misc</Filter>
    </ClCompile>
    <ClCompile Include="TestGUI.cpp">
      <Filter>Source Files\2 GUI Elements</Filter>
    </ClCompile>
  </ItemGroup>
  <ItemGroup>
    <None Include="packages.config" />
  </ItemGroup>
  <ItemGroup>
    <ClInclude Include="SimplexNoise.h">
      <Filter>Header Files\9 Misc</Filter>
    </ClInclude>
    <ClInclude Include="entt.h">
      <Filter>Header Files\9 Misc</Filter>
    </ClInclude>
    <ClInclude Include="Game.h">
      <Filter>Header Files\0 Static</Filter>
    </ClInclude>
    <ClInclude Include="GraphicsManager.h">
      <Filter>Header Files\1 Managers</Filter>
    </ClInclude>
    <ClInclude Include="LoggingManager.h">
      <Filter>Header Files\1 Managers</Filter>
    </ClInclude>
    <ClInclude Include="Window.h">
      <Filter>Header Files\9 Misc</Filter>
    </ClInclude>
    <ClInclude Include="EventsManager.h">
      <Filter>Header Files\1 Managers</Filter>
    </ClInclude>
    <ClInclude Include="TimeManager.h">
      <Filter>Header Files\1 Managers</Filter>
    </ClInclude>
    <ClInclude Include="FileFunctions.h">
      <Filter>Header Files\9 Misc</Filter>
    </ClInclude>
    <ClInclude Include="ResourceManager.h">
      <Filter>Header Files\1 Managers</Filter>
    </ClInclude>
    <ClInclude Include="Manager.h">
      <Filter>Header Files\1 Managers</Filter>
    </ClInclude>
    <ClInclude Include="TestGUI.h">
      <Filter>Header Files\2 GUI Elements</Filter>
    </ClInclude>
    <ClInclude Include="GUIBaseElement.h">
      <Filter>Header Files\2 GUI Elements</Filter>
    </ClInclude>
  </ItemGroup>
</Project>